
Microsoft Visual Studio Solution File, Format Version 12.00
# Visual Studio Version 16
VisualStudioVersion = 16.0.32602.291
MinimumVisualStudioVersion = 10.0.40219.1
Project("{FAE04EC0-301F-11D3-BF4B-00C04F79EFBC}") = "Mad Libs Game", "Mad Libs Game\Mad Libs Game.csproj", "{19C96995-A2B3-4CFF-8553-D53911298797}"
EndProject
Global
	GlobalSection(SolutionConfigurationPlatforms) = preSolution
		Debug|Any CPU = Debug|Any CPU
		Release|Any CPU = Release|Any CPU
	EndGlobalSection
	GlobalSection(ProjectConfigurationPlatforms) = postSolution
		{19C96995-A2B3-4CFF-8553-D53911298797}.Debug|Any CPU.ActiveCfg = Debug|Any CPU
		{19C96995-A2B3-4CFF-8553-D53911298797}.Debug|Any CPU.Build.0 = Debug|Any CPU
		{19C96995-A2B3-4CFF-8553-D53911298797}.Release|Any CPU.ActiveCfg = Release|Any CPU
		{19C96995-A2B3-4CFF-8553-D53911298797}.Release|Any CPU.Build.0 = Release|Any CPU
	EndGlobalSection
	GlobalSection(SolutionProperties) = preSolution
		HideSolutionNode = FALSE
	EndGlobalSection
	GlobalSection(ExtensibilityGlobals) = postSolution
		SolutionGuid = {4AA943A5-DF63-40A6-B2EE-C0924CBDBD21}
	EndGlobalSection
EndGlobal
